{
  "name": "rtsp",
  "version": "1.0.0",
  "lockfileVersion": 1,
  "requires": true,
  "dependencies": {
    "ffmpeg": {
      "version": "0.0.4",
      "resolved": "https://registry.npmjs.org/ffmpeg/-/ffmpeg-0.0.4.tgz",
      "integrity": "sha1-HEYN+OfaUSf2LO70v6BsWciWMMs=",
      "requires": {
        "when": ">= 0.0.1"
      }
    },
    "node-rtsp-stream": {
      "version": "0.0.9",
      "resolved": "https://registry.npmjs.org/node-rtsp-stream/-/node-rtsp-stream-0.0.9.tgz",
      "integrity": "sha512-ynSkdHL4fuhctl1GeK890De7n8Dw+37D6IAZGrzsFSrd4TYho6neFQpMS1t0ZRDGsAegKh2p6kl1l9Vo3pJk8w==",
      "requires": {
        "ws": "^7.0.0"
      }
    },
    "when": {
      "version": "3.7.8",
      "resolved": "https://registry.npmjs.org/when/-/when-3.7.8.tgz",
      "integrity": "sha1-xxMLan6gRpPoQs3J56Hyqjmjn4I="
    },
    "ws": {
      "version": "7.2.3",
      "resolved": "https://registry.npmjs.org/ws/-/ws-7.2.3.tgz",
      "integrity": "sha512-HTDl9G9hbkNDk98naoR/cHDws7+EyYMOdL1BmjsZXRUjf7d+MficC4B7HLUPlSiho0vg+CWKrGIt/VJBd1xunQ=="
    }
  }
}
